github.com/yuki-maruyama/brainfxxk v0.0.0-20240515070605-e8b47091b491 h1:chf+/8RL/3lDqI/eUBcxlVDtKBtYrqcBAYorPKSlrRo=
github.com/yuki-maruyama/brainfxxk v0.0.0-20240515070605-e8b47091b491/go.mod h1:5r49zTN2BdXJyDkK+3z6vBCS0yF5FQouWlvun/H0Y3Y=
github.com/yuki-maruyama/brainfxxk v0.0.1 h1:5HG4zBq9NxCRxeR5XiRkG2sgzlP5eAxxgL8jrXkb3WQ=
github.com/yuki-maruyama/brainfxxk v0.0.1/go.mod h1:5r49zTN2BdXJyDkK+3z6vBCS0yF5FQouWlvun/H0Y3Y=
