github.com/yuki-maruyama/brainfxxk v0.0.4 h1:XzaYetmqhGOjhM8n3XX5Q99XT13APgHB/p5EfP6Ig7U=
github.com/yuki-maruyama/brainfxxk v0.0.4/go.mod h1:5r49zTN2BdXJyDkK+3z6vBCS0yF5FQouWlvun/H0Y3Y=
github.com/yuki-maruyama/brainfxxk v0.0.5 h1:IJIIQ5fWsA6YdeVJhRc0kNqcxzhc3dIyapRRw1+565g=
github.com/yuki-maruyama/brainfxxk v0.0.5/go.mod h1:5r49zTN2BdXJyDkK+3z6vBCS0yF5FQouWlvun/H0Y3Y=
